
Microsoft Visual Studio Solution File, Format Version 12.00
# Visual Studio Version 17
VisualStudioVersion = 17.3.32811.315
MinimumVisualStudioVersion = 10.0.40219.1
Project("{FAE04EC0-301F-11D3-BF4B-00C04F79EFBC}") = "BankApp", "BankApp.csproj", "{5AEBA512-CD1E-46E3-9AAB-81501A4E2607}"
EndProject
Global
	GlobalSection(SolutionConfigurationPlatforms) = preSolution
		Debug|Any CPU = Debug|Any CPU
		Release|Any CPU = Release|Any CPU
	EndGlobalSection
	GlobalSection(ProjectConfigurationPlatforms) = postSolution
		{5AEBA512-CD1E-46E3-9AAB-81501A4E2607}.Debug|Any CPU.ActiveCfg = Debug|Any CPU
		{5AEBA512-CD1E-46E3-9AAB-81501A4E2607}.Debug|Any CPU.Build.0 = Debug|Any CPU
		{5AEBA512-CD1E-46E3-9AAB-81501A4E2607}.Release|Any CPU.ActiveCfg = Release|Any CPU
		{5AEBA512-CD1E-46E3-9AAB-81501A4E2607}.Release|Any CPU.Build.0 = Release|Any CPU
	EndGlobalSection
	GlobalSection(SolutionProperties) = preSolution
		HideSolutionNode = FALSE
	EndGlobalSection
	GlobalSection(ExtensibilityGlobals) = postSolution
		SolutionGuid = {0534460C-BC98-4BFE-B27E-AB649D605C99}
	EndGlobalSection
EndGlobal
